
Microsoft Visual Studio Solution File, Format Version 12.00
# Visual Studio Version 17
VisualStudioVersion = 17.3.32901.215
MinimumVisualStudioVersion = 10.0.40219.1
Project("{8BC9CEB8-8B4A-11D0-8D11-00A0C91BC942}") = "Bài 001", "Bài 001\Bài 001.vcxproj", "{85044253-1DFD-419A-9229-CA8D672D4A5C}"
EndProject
Project("{8BC9CEB8-8B4A-11D0-8D11-00A0C91BC942}") = "Bài 002", "Bài 002\Bài 002.vcxproj", "{A7A2BB4B-81C8-46C9-8FC2-D3EAB7FC4839}"
EndProject
Project("{8BC9CEB8-8B4A-11D0-8D11-00A0C91BC942}") = "Bài 003", "Bài 003\Bài 003.vcxproj", "{3A421599-D807-490E-A29A-942261CC312E}"
EndProject
Project("{8BC9CEB8-8B4A-11D0-8D11-00A0C91BC942}") = "Bài 004", "Bài 004\Bài 004.vcxproj", "{EEFD1DB8-AAAE-438A-AE42-9021145A221A}"
EndProject
Project("{8BC9CEB8-8B4A-11D0-8D11-00A0C91BC942}") = "Bài 005", "Bài 005\Bài 005.vcxproj", "{817937E7-41AB-4A36-BD35-A580DA1C82C6}"
EndProject
Project("{8BC9CEB8-8B4A-11D0-8D11-00A0C91BC942}") = "Bài 006", "Bài 006\Bài 006.vcxproj", "{840489D4-D08B-4AB6-BB0C-D8E8FD23A5DD}"
EndProject
Project("{8BC9CEB8-8B4A-11D0-8D11-00A0C91BC942}") = "Bài 007", "Bài 007\Bài 007.vcxproj", "{9AE4287B-65FA-4287-BDCC-E7C8E3E972E3}"
EndProject
Project("{8BC9CEB8-8B4A-11D0-8D11-00A0C91BC942}") = "Bài 008", "Bài 008\Bài 008.vcxproj", "{CB989EEC-78CA-4620-A2F5-B1689F6C36D2}"
EndProject
Project("{8BC9CEB8-8B4A-11D0-8D11-00A0C91BC942}") = "Bài 009", "Bài 009\Bài 009.vcxproj", "{65BEED6D-19D6-4C6F-A75B-CCB29A0739A6}"
EndProject
Project("{8BC9CEB8-8B4A-11D0-8D11-00A0C91BC942}") = "Bài 010", "Bài 010\Bài 010.vcxproj", "{832B64FE-4FF1-4ACF-9C83-20F6E09064F0}"
EndProject
Project("{8BC9CEB8-8B4A-11D0-8D11-00A0C91BC942}") = "Bài 012", "Bài 012\Bài 012.vcxproj", "{965C3EC3-5E61-4441-87B0-47D69EFF2DF1}"
EndProject
Project("{8BC9CEB8-8B4A-11D0-8D11-00A0C91BC942}") = "Bài 099", "Bài 099\Bài 099.vcxproj", "{7F9D1A13-CD19-409C-930E-582F1AEB2FFC}"
EndProject
Project("{8BC9CEB8-8B4A-11D0-8D11-00A0C91BC942}") = "Bài 151", "Bài 151\Bài 151.vcxproj", "{906BF77A-54D0-42B1-AA28-31E9A7584781}"
EndProject
Project("{8BC9CEB8-8B4A-11D0-8D11-00A0C91BC942}") = "Bài 074", "Bài 074\Bài 074.vcxproj", "{68C49A6C-EE95-4EBA-81E8-59A7007C99BD}"
EndProject
Project("{8BC9CEB8-8B4A-11D0-8D11-00A0C91BC942}") = "Bài 079", "Bài 079\Bài 079.vcxproj", "{B3AD7510-9739-4750-8E19-5D82CC708572}"
EndProject
Project("{8BC9CEB8-8B4A-11D0-8D11-00A0C91BC942}") = "Bài 080", "Bài 080\Bài 080.vcxproj", "{D9C08738-7EC8-4B3C-AB04-64DD210E800D}"
EndProject
Project("{8BC9CEB8-8B4A-11D0-8D11-00A0C91BC942}") = "Bài 081", "Bài 081\Bài 081.vcxproj", "{395D2362-3406-4FE9-8CE0-89864DEB6AD3}"
EndProject
Project("{8BC9CEB8-8B4A-11D0-8D11-00A0C91BC942}") = "Bài 082", "Bài 082\Bài 082.vcxproj", "{7447C839-39C5-4862-AC4A-2E4EBC5D37B4}"
EndProject
Project("{8BC9CEB8-8B4A-11D0-8D11-00A0C91BC942}") = "Bài 083", "Bài 083\Bài 083.vcxproj", "{FD6C351D-8B6F-489A-BB3F-8E0897EAD735}"
EndProject
Project("{8BC9CEB8-8B4A-11D0-8D11-00A0C91BC942}") = "Bài 084", "Bài 084\Bài 084.vcxproj", "{3E913C71-3FD6-44C0-83E7-8C4F1FB20521}"
EndProject
Project("{8BC9CEB8-8B4A-11D0-8D11-00A0C91BC942}") = "Bài 085", "Bài 085\Bài 085.vcxproj", "{7605D9E8-ADEC-4B15-AF6E-95DCD21391CE}"
EndProject
Project("{8BC9CEB8-8B4A-11D0-8D11-00A0C91BC942}") = "Bài 086", "Bài 086\Bài 086.vcxproj", "{786BF7F7-C465-49C3-9975-D8BE93FE4732}"
EndProject
Project("{8BC9CEB8-8B4A-11D0-8D11-00A0C91BC942}") = "Bài 087", "Bài 087\Bài 087.vcxproj", "{A309E39A-EA18-4D63-B7F8-EDA8861FF172}"
EndProject
Project("{8BC9CEB8-8B4A-11D0-8D11-00A0C91BC942}") = "Bài 088", "Bài 088\Bài 088.vcxproj", "{824F2954-9351-450B-ACCB-9C23E3CF9C49}"
EndProject
Project("{8BC9CEB8-8B4A-11D0-8D11-00A0C91BC942}") = "Bài 089", "Bài 089\Bài 089.vcxproj", "{EF112694-2597-4081-AE07-AE80387643EE}"
EndProject
Project("{8BC9CEB8-8B4A-11D0-8D11-00A0C91BC942}") = "Bài 090", "Bài 090\Bài 090.vcxproj", "{B3C24EC0-DEB8-446E-B79F-2CDEBBA826C6}"
EndProject
Project("{8BC9CEB8-8B4A-11D0-8D11-00A0C91BC942}") = "Bài 091", "Bài 091\Bài 091.vcxproj", "{02D7F705-792D-44DD-94B3-6AE8D6A5429D}"
EndProject
Project("{8BC9CEB8-8B4A-11D0-8D11-00A0C91BC942}") = "Bài 092", "Bài 092\Bài 092.vcxproj", "{4D897F55-7212-4227-A614-D709DDFC26D7}"
EndProject
Project("{8BC9CEB8-8B4A-11D0-8D11-00A0C91BC942}") = "Bài 093", "Bài 093\Bài 093.vcxproj", "{4B448D25-9256-45E1-82E9-6DF12077C94B}"
EndProject
Project("{8BC9CEB8-8B4A-11D0-8D11-00A0C91BC942}") = "Bài 094", "Bài 094\Bài 094.vcxproj", "{BCBC00E2-A4B9-40B6-B176-0EDF0C70357F}"
EndProject
Project("{8BC9CEB8-8B4A-11D0-8D11-00A0C91BC942}") = "Bài 095", "Bài 095\Bài 095.vcxproj", "{9D3FB097-AA31-4D07-B0E5-7B52ECF77EFA}"
EndProject
Project("{8BC9CEB8-8B4A-11D0-8D11-00A0C91BC942}") = "Bài 096", "Bài 096\Bài 096.vcxproj", "{ADCDD62C-DB34-49F1-872D-95706D0CBBCA}"
EndProject
Project("{8BC9CEB8-8B4A-11D0-8D11-00A0C91BC942}") = "Bài 097", "Bài 097\Bài 097.vcxproj", "{DEBF29DF-935B-40C5-B6C7-87DE79698A55}"
EndProject
Project("{8BC9CEB8-8B4A-11D0-8D11-00A0C91BC942}") = "Bài 098", "Bài 098\Bài 098.vcxproj", "{84C62424-9956-4E31-828C-05429A184084}"
EndProject
Project("{8BC9CEB8-8B4A-11D0-8D11-00A0C91BC942}") = "Bài 100", "Bài 100\Bài 100.vcxproj", "{D89C6C15-FA5E-47DE-BC2A-939FECDE6A8E}"
EndProject
Project("{8BC9CEB8-8B4A-11D0-8D11-00A0C91BC942}") = "Bài 119", "Bài 119\Bài 119.vcxproj", "{51F8F148-16C9-4042-B950-74A1096552CF}"
EndProject
Project("{8BC9CEB8-8B4A-11D0-8D11-00A0C91BC942}") = "Bài 120", "Bài 120\Bài 120.vcxproj", "{0BF9A693-32F8-49AD-904D-3E07C2EBD930}"
EndProject
Project("{8BC9CEB8-8B4A-11D0-8D11-00A0C91BC942}") = "Bài 121", "Bài 121\Bài 121.vcxproj", "{D0F26B58-3365-4274-986A-B97130098406}"
EndProject
Project("{8BC9CEB8-8B4A-11D0-8D11-00A0C91BC942}") = "Bài 122", "Bài 122\Bài 122.vcxproj", "{63F84C28-C42E-4B58-8DC7-511EB133A272}"
EndProject
Project("{8BC9CEB8-8B4A-11D0-8D11-00A0C91BC942}") = "Bài 123", "Bài 123\Bài 123.vcxproj", "{68507793-58CB-4769-A946-99E86F0A53E5}"
EndProject
Project("{8BC9CEB8-8B4A-11D0-8D11-00A0C91BC942}") = "Bài 124", "Bài 124\Bài 124.vcxproj", "{060A8E63-D9CB-4E06-866F-74FC8ABC9A05}"
EndProject
Project("{8BC9CEB8-8B4A-11D0-8D11-00A0C91BC942}") = "Bài 125", "Bài 125\Bài 125.vcxproj", "{5E6141CD-8FA0-4595-A641-32DFEAE6D17E}"
EndProject
Project("{8BC9CEB8-8B4A-11D0-8D11-00A0C91BC942}") = "Bài 126", "Project1\Project1.vcxproj", "{BEC01EDD-2475-4404-8504-6A78EA295C94}"
EndProject
Project("{8BC9CEB8-8B4A-11D0-8D11-00A0C91BC942}") = "Bài 127", "Bài 127\Bài 127.vcxproj", "{5F1D6E17-81B9-492D-BA71-3AFBD616004A}"
EndProject
Project("{8BC9CEB8-8B4A-11D0-8D11-00A0C91BC942}") = "Bài 128", "Bài 128\Bài 128.vcxproj", "{EEE21744-C106-4F41-B486-A48291854909}"
EndProject
Project("{8BC9CEB8-8B4A-11D0-8D11-00A0C91BC942}") = "Bài 129", "Bài 129\Bài 129.vcxproj", "{106AD47B-2D67-4BC8-B18D-93ECF397FD5B}"
EndProject
Project("{8BC9CEB8-8B4A-11D0-8D11-00A0C91BC942}") = "Bài 130", "Bài 130\Bài 130.vcxproj", "{92F968B6-0381-411E-BACE-A88225043516}"
EndProject
Project("{8BC9CEB8-8B4A-11D0-8D11-00A0C91BC942}") = "Bài 131", "Bài 131\Bài 131.vcxproj", "{3A79AD4E-DB69-4F3F-942A-15E8AD0B991F}"
EndProject
Project("{8BC9CEB8-8B4A-11D0-8D11-00A0C91BC942}") = "Bài 132", "Bài 132\Bài 132.vcxproj", "{7117B519-430F-42E4-BDED-8FB4B94D60FB}"
EndProject
Project("{8BC9CEB8-8B4A-11D0-8D11-00A0C91BC942}") = "Bài 133", "Bài 133\Bài 133.vcxproj", "{A80AFD1A-B44B-43B6-8ECD-D9762AA891BB}"
EndProject
Project("{8BC9CEB8-8B4A-11D0-8D11-00A0C91BC942}") = "Bài 134", "Bài 134\Bài 134.vcxproj", "{AAB28BDE-7FDD-4316-8777-F4CE7A6A2FC3}"
EndProject
Project("{8BC9CEB8-8B4A-11D0-8D11-00A0C91BC942}") = "Bài 135", "Bài 135\Bài 135.vcxproj", "{41A5E4F2-E568-40FC-9C0E-8FD403675A92}"
EndProject
Project("{8BC9CEB8-8B4A-11D0-8D11-00A0C91BC942}") = "Bài 136", "Bài 136\Bài 136.vcxproj", "{08357C62-C278-4FE5-8AF3-510566631A67}"
EndProject
Global
	GlobalSection(SolutionConfigurationPlatforms) = preSolution
		Debug|x64 = Debug|x64
		Debug|x86 = Debug|x86
		Release|x64 = Release|x64
		Release|x86 = Release|x86
	EndGlobalSection
	GlobalSection(ProjectConfigurationPlatforms) = postSolution
		{85044253-1DFD-419A-9229-CA8D672D4A5C}.Debug|x64.ActiveCfg = Debug|x64
		{85044253-1DFD-419A-9229-CA8D672D4A5C}.Debug|x64.Build.0 = Debug|x64
		{85044253-1DFD-419A-9229-CA8D672D4A5C}.Debug|x86.ActiveCfg = Debug|Win32
		{85044253-1DFD-419A-9229-CA8D672D4A5C}.Debug|x86.Build.0 = Debug|Win32
		{85044253-1DFD-419A-9229-CA8D672D4A5C}.Release|x64.ActiveCfg = Release|x64
		{85044253-1DFD-419A-9229-CA8D672D4A5C}.Release|x64.Build.0 = Release|x64
		{85044253-1DFD-419A-9229-CA8D672D4A5C}.Release|x86.ActiveCfg = Release|Win32
		{85044253-1DFD-419A-9229-CA8D672D4A5C}.Release|x86.Build.0 = Release|Win32
		{A7A2BB4B-81C8-46C9-8FC2-D3EAB7FC4839}.Debug|x64.ActiveCfg = Debug|x64
		{A7A2BB4B-81C8-46C9-8FC2-D3EAB7FC4839}.Debug|x64.Build.0 = Debug|x64
		{A7A2BB4B-81C8-46C9-8FC2-D3EAB7FC4839}.Debug|x86.ActiveCfg = Debug|Win32
		{A7A2BB4B-81C8-46C9-8FC2-D3EAB7FC4839}.Debug|x86.Build.0 = Debug|Win32
		{A7A2BB4B-81C8-46C9-8FC2-D3EAB7FC4839}.Release|x64.ActiveCfg = Release|x64
		{A7A2BB4B-81C8-46C9-8FC2-D3EAB7FC4839}.Release|x64.Build.0 = Release|x64
		{A7A2BB4B-81C8-46C9-8FC2-D3EAB7FC4839}.Release|x86.ActiveCfg = Release|Win32
		{A7A2BB4B-81C8-46C9-8FC2-D3EAB7FC4839}.Release|x86.Build.0 = Release|Win32
		{3A421599-D807-490E-A29A-942261CC312E}.Debug|x64.ActiveCfg = Debug|x64
		{3A421599-D807-490E-A29A-942261CC312E}.Debug|x64.Build.0 = Debug|x64
		{3A421599-D807-490E-A29A-942261CC312E}.Debug|x86.ActiveCfg = Debug|Win32
		{3A421599-D807-490E-A29A-942261CC312E}.Debug|x86.Build.0 = Debug|Win32
		{3A421599-D807-490E-A29A-942261CC312E}.Release|x64.ActiveCfg = Release|x64
		{3A421599-D807-490E-A29A-942261CC312E}.Release|x64.Build.0 = Release|x64
		{3A421599-D807-490E-A29A-942261CC312E}.Release|x86.ActiveCfg = Release|Win32
		{3A421599-D807-490E-A29A-942261CC312E}.Release|x86.Build.0 = Release|Win32
		{EEFD1DB8-AAAE-438A-AE42-9021145A221A}.Debug|x64.ActiveCfg = Debug|x64
		{EEFD1DB8-AAAE-438A-AE42-9021145A221A}.Debug|x64.Build.0 = Debug|x64
		{EEFD1DB8-AAAE-438A-AE42-9021145A221A}.Debug|x86.ActiveCfg = Debug|Win32
		{EEFD1DB8-AAAE-438A-AE42-9021145A221A}.Debug|x86.Build.0 = Debug|Win32
		{EEFD1DB8-AAAE-438A-AE42-9021145A221A}.Release|x64.ActiveCfg = Release|x64
		{EEFD1DB8-AAAE-438A-AE42-9021145A221A}.Release|x64.Build.0 = Release|x64
		{EEFD1DB8-AAAE-438A-AE42-9021145A221A}.Release|x86.ActiveCfg = Release|Win32
		{EEFD1DB8-AAAE-438A-AE42-9021145A221A}.Release|x86.Build.0 = Release|Win32
		{817937E7-41AB-4A36-BD35-A580DA1C82C6}.Debug|x64.ActiveCfg = Debug|x64
		{817937E7-41AB-4A36-BD35-A580DA1C82C6}.Debug|x64.Build.0 = Debug|x64
		{817937E7-41AB-4A36-BD35-A580DA1C82C6}.Debug|x86.ActiveCfg = Debug|Win32
		{817937E7-41AB-4A36-BD35-A580DA1C82C6}.Debug|x86.Build.0 = Debug|Win32
		{817937E7-41AB-4A36-BD35-A580DA1C82C6}.Release|x64.ActiveCfg = Release|x64
		{817937E7-41AB-4A36-BD35-A580DA1C82C6}.Release|x64.Build.0 = Release|x64
		{817937E7-41AB-4A36-BD35-A580DA1C82C6}.Release|x86.ActiveCfg = Release|Win32
		{817937E7-41AB-4A36-BD35-A580DA1C82C6}.Release|x86.Build.0 = Release|Win32
		{840489D4-D08B-4AB6-BB0C-D8E8FD23A5DD}.Debug|x64.ActiveCfg = Debug|x64
		{840489D4-D08B-4AB6-BB0C-D8E8FD23A5DD}.Debug|x64.Build.0 = Debug|x64
		{840489D4-D08B-4AB6-BB0C-D8E8FD23A5DD}.Debug|x86.ActiveCfg = Debug|Win32
		{840489D4-D08B-4AB6-BB0C-D8E8FD23A5DD}.Debug|x86.Build.0 = Debug|Win32
		{840489D4-D08B-4AB6-BB0C-D8E8FD23A5DD}.Release|x64.ActiveCfg = Release|x64
		{840489D4-D08B-4AB6-BB0C-D8E8FD23A5DD}.Release|x64.Build.0 = Release|x64
		{840489D4-D08B-4AB6-BB0C-D8E8FD23A5DD}.Release|x86.ActiveCfg = Release|Win32
		{840489D4-D08B-4AB6-BB0C-D8E8FD23A5DD}.Release|x86.Build.0 = Release|Win32
		{9AE4287B-65FA-4287-BDCC-E7C8E3E972E3}.Debug|x64.ActiveCfg = Debug|x64
		{9AE4287B-65FA-4287-BDCC-E7C8E3E972E3}.Debug|x64.Build.0 = Debug|x64
		{9AE4287B-65FA-4287-BDCC-E7C8E3E972E3}.Debug|x86.ActiveCfg = Debug|Win32
		{9AE4287B-65FA-4287-BDCC-E7C8E3E972E3}.Debug|x86.Build.0 = Debug|Win32
		{9AE4287B-65FA-4287-BDCC-E7C8E3E972E3}.Release|x64.ActiveCfg = Release|x64
		{9AE4287B-65FA-4287-BDCC-E7C8E3E972E3}.Release|x64.Build.0 = Release|x64
		{9AE4287B-65FA-4287-BDCC-E7C8E3E972E3}.Release|x86.ActiveCfg = Release|Win32
		{9AE4287B-65FA-4287-BDCC-E7C8E3E972E3}.Release|x86.Build.0 = Release|Win32
		{CB989EEC-78CA-4620-A2F5-B1689F6C36D2}.Debug|x64.ActiveCfg = Debug|x64
		{CB989EEC-78CA-4620-A2F5-B1689F6C36D2}.Debug|x64.Build.0 = Debug|x64
		{CB989EEC-78CA-4620-A2F5-B1689F6C36D2}.Debug|x86.ActiveCfg = Debug|Win32
		{CB989EEC-78CA-4620-A2F5-B1689F6C36D2}.Debug|x86.Build.0 = Debug|Win32
		{CB989EEC-78CA-4620-A2F5-B1689F6C36D2}.Release|x64.ActiveCfg = Release|x64
		{CB989EEC-78CA-4620-A2F5-B1689F6C36D2}.Release|x64.Build.0 = Release|x64
		{CB989EEC-78CA-4620-A2F5-B1689F6C36D2}.Release|x86.ActiveCfg = Release|Win32
		{CB989EEC-78CA-4620-A2F5-B1689F6C36D2}.Release|x86.Build.0 = Release|Win32
		{65BEED6D-19D6-4C6F-A75B-CCB29A0739A6}.Debug|x64.ActiveCfg = Debug|x64
		{65BEED6D-19D6-4C6F-A75B-CCB29A0739A6}.Debug|x64.Build.0 = Debug|x64
		{65BEED6D-19D6-4C6F-A75B-CCB29A0739A6}.Debug|x86.ActiveCfg = Debug|Win32
		{65BEED6D-19D6-4C6F-A75B-CCB29A0739A6}.Debug|x86.Build.0 = Debug|Win32
		{65BEED6D-19D6-4C6F-A75B-CCB29A0739A6}.Release|x64.ActiveCfg = Release|x64
		{65BEED6D-19D6-4C6F-A75B-CCB29A0739A6}.Release|x64.Build.0 = Release|x64
		{65BEED6D-19D6-4C6F-A75B-CCB29A0739A6}.Release|x86.ActiveCfg = Release|Win32
		{65BEED6D-19D6-4C6F-A75B-CCB29A0739A6}.Release|x86.Build.0 = Release|Win32
		{832B64FE-4FF1-4ACF-9C83-20F6E09064F0}.Debug|x64.ActiveCfg = Debug|x64
		{832B64FE-4FF1-4ACF-9C83-20F6E09064F0}.Debug|x64.Build.0 = Debug|x64
		{832B64FE-4FF1-4ACF-9C83-20F6E09064F0}.Debug|x86.ActiveCfg = Debug|Win32
		{832B64FE-4FF1-4ACF-9C83-20F6E09064F0}.Debug|x86.Build.0 = Debug|Win32
		{832B64FE-4FF1-4ACF-9C83-20F6E09064F0}.Release|x64.ActiveCfg = Release|x64
		{832B64FE-4FF1-4ACF-9C83-20F6E09064F0}.Release|x64.Build.0 = Release|x64
		{832B64FE-4FF1-4ACF-9C83-20F6E09064F0}.Release|x86.ActiveCfg = Release|Win32
		{832B64FE-4FF1-4ACF-9C83-20F6E09064F0}.Release|x86.Build.0 = Release|Win32
		{965C3EC3-5E61-4441-87B0-47D69EFF2DF1}.Debug|x64.ActiveCfg = Debug|x64
		{965C3EC3-5E61-4441-87B0-47D69EFF2DF1}.Debug|x64.Build.0 = Debug|x64
		{965C3EC3-5E61-4441-87B0-47D69EFF2DF1}.Debug|x86.ActiveCfg = Debug|Win32
		{965C3EC3-5E61-4441-87B0-47D69EFF2DF1}.Debug|x86.Build.0 = Debug|Win32
		{965C3EC3-5E61-4441-87B0-47D69EFF2DF1}.Release|x64.ActiveCfg = Release|x64
		{965C3EC3-5E61-4441-87B0-47D69EFF2DF1}.Release|x64.Build.0 = Release|x64
		{965C3EC3-5E61-4441-87B0-47D69EFF2DF1}.Release|x86.ActiveCfg = Release|Win32
		{965C3EC3-5E61-4441-87B0-47D69EFF2DF1}.Release|x86.Build.0 = Release|Win32
		{7F9D1A13-CD19-409C-930E-582F1AEB2FFC}.Debug|x64.ActiveCfg = Debug|x64
		{7F9D1A13-CD19-409C-930E-582F1AEB2FFC}.Debug|x64.Build.0 = Debug|x64
		{7F9D1A13-CD19-409C-930E-582F1AEB2FFC}.Debug|x86.ActiveCfg = Debug|Win32
		{7F9D1A13-CD19-409C-930E-582F1AEB2FFC}.Debug|x86.Build.0 = Debug|Win32
		{7F9D1A13-CD19-409C-930E-582F1AEB2FFC}.Release|x64.ActiveCfg = Release|x64
		{7F9D1A13-CD19-409C-930E-582F1AEB2FFC}.Release|x64.Build.0 = Release|x64
		{7F9D1A13-CD19-409C-930E-582F1AEB2FFC}.Release|x86.ActiveCfg = Release|Win32
		{7F9D1A13-CD19-409C-930E-582F1AEB2FFC}.Release|x86.Build.0 = Release|Win32
		{906BF77A-54D0-42B1-AA28-31E9A7584781}.Debug|x64.ActiveCfg = Debug|x64
		{906BF77A-54D0-42B1-AA28-31E9A7584781}.Debug|x64.Build.0 = Debug|x64
		{906BF77A-54D0-42B1-AA28-31E9A7584781}.Debug|x86.ActiveCfg = Debug|Win32
		{906BF77A-54D0-42B1-AA28-31E9A7584781}.Debug|x86.Build.0 = Debug|Win32
		{906BF77A-54D0-42B1-AA28-31E9A7584781}.Release|x64.ActiveCfg = Release|x64
		{906BF77A-54D0-42B1-AA28-31E9A7584781}.Release|x64.Build.0 = Release|x64
		{906BF77A-54D0-42B1-AA28-31E9A7584781}.Release|x86.ActiveCfg = Release|Win32
		{906BF77A-54D0-42B1-AA28-31E9A7584781}.Release|x86.Build.0 = Release|Win32
		{68C49A6C-EE95-4EBA-81E8-59A7007C99BD}.Debug|x64.ActiveCfg = Debug|x64
		{68C49A6C-EE95-4EBA-81E8-59A7007C99BD}.Debug|x64.Build.0 = Debug|x64
		{68C49A6C-EE95-4EBA-81E8-59A7007C99BD}.Debug|x86.ActiveCfg = Debug|Win32
		{68C49A6C-EE95-4EBA-81E8-59A7007C99BD}.Debug|x86.Build.0 = Debug|Win32
		{68C49A6C-EE95-4EBA-81E8-59A7007C99BD}.Release|x64.ActiveCfg = Release|x64
		{68C49A6C-EE95-4EBA-81E8-59A7007C99BD}.Release|x64.Build.0 = Release|x64
		{68C49A6C-EE95-4EBA-81E8-59A7007C99BD}.Release|x86.ActiveCfg = Release|Win32
		{68C49A6C-EE95-4EBA-81E8-59A7007C99BD}.Release|x86.Build.0 = Release|Win32
		{B3AD7510-9739-4750-8E19-5D82CC708572}.Debug|x64.ActiveCfg = Debug|x64
		{B3AD7510-9739-4750-8E19-5D82CC708572}.Debug|x64.Build.0 = Debug|x64
		{B3AD7510-9739-4750-8E19-5D82CC708572}.Debug|x86.ActiveCfg = Debug|Win32
		{B3AD7510-9739-4750-8E19-5D82CC708572}.Debug|x86.Build.0 = Debug|Win32
		{B3AD7510-9739-4750-8E19-5D82CC708572}.Release|x64.ActiveCfg = Release|x64
		{B3AD7510-9739-4750-8E19-5D82CC708572}.Release|x64.Build.0 = Release|x64
		{B3AD7510-9739-4750-8E19-5D82CC708572}.Release|x86.ActiveCfg = Release|Win32
		{B3AD7510-9739-4750-8E19-5D82CC708572}.Release|x86.Build.0 = Release|Win32
		{D9C08738-7EC8-4B3C-AB04-64DD210E800D}.Debug|x64.ActiveCfg = Debug|x64
		{D9C08738-7EC8-4B3C-AB04-64DD210E800D}.Debug|x64.Build.0 = Debug|x64
		{D9C08738-7EC8-4B3C-AB04-64DD210E800D}.Debug|x86.ActiveCfg = Debug|Win32
		{D9C08738-7EC8-4B3C-AB04-64DD210E800D}.Debug|x86.Build.0 = Debug|Win32
		{D9C08738-7EC8-4B3C-AB04-64DD210E800D}.Release|x64.ActiveCfg = Release|x64
		{D9C08738-7EC8-4B3C-AB04-64DD210E800D}.Release|x64.Build.0 = Release|x64
		{D9C08738-7EC8-4B3C-AB04-64DD210E800D}.Release|x86.ActiveCfg = Release|Win32
		{D9C08738-7EC8-4B3C-AB04-64DD210E800D}.Release|x86.Build.0 = Release|Win32
		{395D2362-3406-4FE9-8CE0-89864DEB6AD3}.Debug|x64.ActiveCfg = Debug|x64
		{395D2362-3406-4FE9-8CE0-89864DEB6AD3}.Debug|x64.Build.0 = Debug|x64
		{395D2362-3406-4FE9-8CE0-89864DEB6AD3}.Debug|x86.ActiveCfg = Debug|Win32
		{395D2362-3406-4FE9-8CE0-89864DEB6AD3}.Debug|x86.Build.0 = Debug|Win32
		{395D2362-3406-4FE9-8CE0-89864DEB6AD3}.Release|x64.ActiveCfg = Release|x64
		{395D2362-3406-4FE9-8CE0-89864DEB6AD3}.Release|x64.Build.0 = Release|x64
		{395D2362-3406-4FE9-8CE0-89864DEB6AD3}.Release|x86.ActiveCfg = Release|Win32
		{395D2362-3406-4FE9-8CE0-89864DEB6AD3}.Release|x86.Build.0 = Release|Win32
		{7447C839-39C5-4862-AC4A-2E4EBC5D37B4}.Debug|x64.ActiveCfg = Debug|x64
		{7447C839-39C5-4862-AC4A-2E4EBC5D37B4}.Debug|x64.Build.0 = Debug|x64
		{7447C839-39C5-4862-AC4A-2E4EBC5D37B4}.Debug|x86.ActiveCfg = Debug|Win32
		{7447C839-39C5-4862-AC4A-2E4EBC5D37B4}.Debug|x86.Build.0 = Debug|Win32
		{7447C839-39C5-4862-AC4A-2E4EBC5D37B4}.Release|x64.ActiveCfg = Release|x64
		{7447C839-39C5-4862-AC4A-2E4EBC5D37B4}.Release|x64.Build.0 = Release|x64
		{7447C839-39C5-4862-AC4A-2E4EBC5D37B4}.Release|x86.ActiveCfg = Release|Win32
		{7447C839-39C5-4862-AC4A-2E4EBC5D37B4}.Release|x86.Build.0 = Release|Win32
		{FD6C351D-8B6F-489A-BB3F-8E0897EAD735}.Debug|x64.ActiveCfg = Debug|x64
		{FD6C351D-8B6F-489A-BB3F-8E0897EAD735}.Debug|x64.Build.0 = Debug|x64
		{FD6C351D-8B6F-489A-BB3F-8E0897EAD735}.Debug|x86.ActiveCfg = Debug|Win32
		{FD6C351D-8B6F-489A-BB3F-8E0897EAD735}.Debug|x86.Build.0 = Debug|Win32
		{FD6C351D-8B6F-489A-BB3F-8E0897EAD735}.Release|x64.ActiveCfg = Release|x64
		{FD6C351D-8B6F-489A-BB3F-8E0897EAD735}.Release|x64.Build.0 = Release|x64
		{FD6C351D-8B6F-489A-BB3F-8E0897EAD735}.Release|x86.ActiveCfg = Release|Win32
		{FD6C351D-8B6F-489A-BB3F-8E0897EAD735}.Release|x86.Build.0 = Release|Win32
		{3E913C71-3FD6-44C0-83E7-8C4F1FB20521}.Debug|x64.ActiveCfg = Debug|x64
		{3E913C71-3FD6-44C0-83E7-8C4F1FB20521}.Debug|x64.Build.0 = Debug|x64
		{3E913C71-3FD6-44C0-83E7-8C4F1FB20521}.Debug|x86.ActiveCfg = Debug|Win32
		{3E913C71-3FD6-44C0-83E7-8C4F1FB20521}.Debug|x86.Build.0 = Debug|Win32
		{3E913C71-3FD6-44C0-83E7-8C4F1FB20521}.Release|x64.ActiveCfg = Release|x64
		{3E913C71-3FD6-44C0-83E7-8C4F1FB20521}.Release|x64.Build.0 = Release|x64
		{3E913C71-3FD6-44C0-83E7-8C4F1FB20521}.Release|x86.ActiveCfg = Release|Win32
		{3E913C71-3FD6-44C0-83E7-8C4F1FB20521}.Release|x86.Build.0 = Release|Win32
		{7605D9E8-ADEC-4B15-AF6E-95DCD21391CE}.Debug|x64.ActiveCfg = Debug|x64
		{7605D9E8-ADEC-4B15-AF6E-95DCD21391CE}.Debug|x64.Build.0 = Debug|x64
		{7605D9E8-ADEC-4B15-AF6E-95DCD21391CE}.Debug|x86.ActiveCfg = Debug|Win32
		{7605D9E8-ADEC-4B15-AF6E-95DCD21391CE}.Debug|x86.Build.0 = Debug|Win32
		{7605D9E8-ADEC-4B15-AF6E-95DCD21391CE}.Release|x64.ActiveCfg = Release|x64
		{7605D9E8-ADEC-4B15-AF6E-95DCD21391CE}.Release|x64.Build.0 = Release|x64
		{7605D9E8-ADEC-4B15-AF6E-95DCD21391CE}.Release|x86.ActiveCfg = Release|Win32
		{7605D9E8-ADEC-4B15-AF6E-95DCD21391CE}.Release|x86.Build.0 = Release|Win32
		{786BF7F7-C465-49C3-9975-D8BE93FE4732}.Debug|x64.ActiveCfg = Debug|x64
		{786BF7F7-C465-49C3-9975-D8BE93FE4732}.Debug|x64.Build.0 = Debug|x64
		{786BF7F7-C465-49C3-9975-D8BE93FE4732}.Debug|x86.ActiveCfg = Debug|Win32
		{786BF7F7-C465-49C3-9975-D8BE93FE4732}.Debug|x86.Build.0 = Debug|Win32
		{786BF7F7-C465-49C3-9975-D8BE93FE4732}.Release|x64.ActiveCfg = Release|x64
		{786BF7F7-C465-49C3-9975-D8BE93FE4732}.Release|x64.Build.0 = Release|x64
		{786BF7F7-C465-49C3-9975-D8BE93FE4732}.Release|x86.ActiveCfg = Release|Win32
		{786BF7F7-C465-49C3-9975-D8BE93FE4732}.Release|x86.Build.0 = Release|Win32
		{A309E39A-EA18-4D63-B7F8-EDA8861FF172}.Debug|x64.ActiveCfg = Debug|x64
		{A309E39A-EA18-4D63-B7F8-EDA8861FF172}.Debug|x64.Build.0 = Debug|x64
		{A309E39A-EA18-4D63-B7F8-EDA8861FF172}.Debug|x86.ActiveCfg = Debug|Win32
		{A309E39A-EA18-4D63-B7F8-EDA8861FF172}.Debug|x86.Build.0 = Debug|Win32
		{A309E39A-EA18-4D63-B7F8-EDA8861FF172}.Release|x64.ActiveCfg = Release|x64
		{A309E39A-EA18-4D63-B7F8-EDA8861FF172}.Release|x64.Build.0 = Release|x64
		{A309E39A-EA18-4D63-B7F8-EDA8861FF172}.Release|x86.ActiveCfg = Release|Win32
		{A309E39A-EA18-4D63-B7F8-EDA8861FF172}.Release|x86.Build.0 = Release|Win32
		{824F2954-9351-450B-ACCB-9C23E3CF9C49}.Debug|x64.ActiveCfg = Debug|x64
		{824F2954-9351-450B-ACCB-9C23E3CF9C49}.Debug|x64.Build.0 = Debug|x64
		{824F2954-9351-450B-ACCB-9C23E3CF9C49}.Debug|x86.ActiveCfg = Debug|Win32
		{824F2954-9351-450B-ACCB-9C23E3CF9C49}.Debug|x86.Build.0 = Debug|Win32
		{824F2954-9351-450B-ACCB-9C23E3CF9C49}.Release|x64.ActiveCfg = Release|x64
		{824F2954-9351-450B-ACCB-9C23E3CF9C49}.Release|x64.Build.0 = Release|x64
		{824F2954-9351-450B-ACCB-9C23E3CF9C49}.Release|x86.ActiveCfg = Release|Win32
		{824F2954-9351-450B-ACCB-9C23E3CF9C49}.Release|x86.Build.0 = Release|Win32
		{EF112694-2597-4081-AE07-AE80387643EE}.Debug|x64.ActiveCfg = Debug|x64
		{EF112694-2597-4081-AE07-AE80387643EE}.Debug|x64.Build.0 = Debug|x64
		{EF112694-2597-4081-AE07-AE80387643EE}.Debug|x86.ActiveCfg = Debug|Win32
		{EF112694-2597-4081-AE07-AE80387643EE}.Debug|x86.Build.0 = Debug|Win32
		{EF112694-2597-4081-AE07-AE80387643EE}.Release|x64.ActiveCfg = Release|x64
		{EF112694-2597-4081-AE07-AE80387643EE}.Release|x64.Build.0 = Release|x64
		{EF112694-2597-4081-AE07-AE80387643EE}.Release|x86.ActiveCfg = Release|Win32
		{EF112694-2597-4081-AE07-AE80387643EE}.Release|x86.Build.0 = Release|Win32
		{B3C24EC0-DEB8-446E-B79F-2CDEBBA826C6}.Debug|x64.ActiveCfg = Debug|x64
		{B3C24EC0-DEB8-446E-B79F-2CDEBBA826C6}.Debug|x64.Build.0 = Debug|x64
		{B3C24EC0-DEB8-446E-B79F-2CDEBBA826C6}.Debug|x86.ActiveCfg = Debug|Win32
		{B3C24EC0-DEB8-446E-B79F-2CDEBBA826C6}.Debug|x86.Build.0 = Debug|Win32
		{B3C24EC0-DEB8-446E-B79F-2CDEBBA826C6}.Release|x64.ActiveCfg = Release|x64
		{B3C24EC0-DEB8-446E-B79F-2CDEBBA826C6}.Release|x64.Build.0 = Release|x64
		{B3C24EC0-DEB8-446E-B79F-2CDEBBA826C6}.Release|x86.ActiveCfg = Release|Win32
		{B3C24EC0-DEB8-446E-B79F-2CDEBBA826C6}.Release|x86.Build.0 = Release|Win32
		{02D7F705-792D-44DD-94B3-6AE8D6A5429D}.Debug|x64.ActiveCfg = Debug|x64
		{02D7F705-792D-44DD-94B3-6AE8D6A5429D}.Debug|x64.Build.0 = Debug|x64
		{02D7F705-792D-44DD-94B3-6AE8D6A5429D}.Debug|x86.ActiveCfg = Debug|Win32
		{02D7F705-792D-44DD-94B3-6AE8D6A5429D}.Debug|x86.Build.0 = Debug|Win32
		{02D7F705-792D-44DD-94B3-6AE8D6A5429D}.Release|x64.ActiveCfg = Release|x64
		{02D7F705-792D-44DD-94B3-6AE8D6A5429D}.Release|x64.Build.0 = Release|x64
		{02D7F705-792D-44DD-94B3-6AE8D6A5429D}.Release|x86.ActiveCfg = Release|Win32
		{02D7F705-792D-44DD-94B3-6AE8D6A5429D}.Release|x86.Build.0 = Release|Win32
		{4D897F55-7212-4227-A614-D709DDFC26D7}.Debug|x64.ActiveCfg = Debug|x64
		{4D897F55-7212-4227-A614-D709DDFC26D7}.Debug|x64.Build.0 = Debug|x64
		{4D897F55-7212-4227-A614-D709DDFC26D7}.Debug|x86.ActiveCfg = Debug|Win32
		{4D897F55-7212-4227-A614-D709DDFC26D7}.Debug|x86.Build.0 = Debug|Win32
		{4D897F55-7212-4227-A614-D709DDFC26D7}.Release|x64.ActiveCfg = Release|x64
		{4D897F55-7212-4227-A614-D709DDFC26D7}.Release|x64.Build.0 = Release|x64
		{4D897F55-7212-4227-A614-D709DDFC26D7}.Release|x86.ActiveCfg = Release|Win32
		{4D897F55-7212-4227-A614-D709DDFC26D7}.Release|x86.Build.0 = Release|Win32
		{4B448D25-9256-45E1-82E9-6DF12077C94B}.Debug|x64.ActiveCfg = Debug|x64
		{4B448D25-9256-45E1-82E9-6DF12077C94B}.Debug|x64.Build.0 = Debug|x64
		{4B448D25-9256-45E1-82E9-6DF12077C94B}.Debug|x86.ActiveCfg = Debug|Win32
		{4B448D25-9256-45E1-82E9-6DF12077C94B}.Debug|x86.Build.0 = Debug|Win32
		{4B448D25-9256-45E1-82E9-6DF12077C94B}.Release|x64.ActiveCfg = Release|x64
		{4B448D25-9256-45E1-82E9-6DF12077C94B}.Release|x64.Build.0 = Release|x64
		{4B448D25-9256-45E1-82E9-6DF12077C94B}.Release|x86.ActiveCfg = Release|Win32
		{4B448D25-9256-45E1-82E9-6DF12077C94B}.Release|x86.Build.0 = Release|Win32
		{BCBC00E2-A4B9-40B6-B176-0EDF0C70357F}.Debug|x64.ActiveCfg = Debug|x64
		{BCBC00E2-A4B9-40B6-B176-0EDF0C70357F}.Debug|x64.Build.0 = Debug|x64
		{BCBC00E2-A4B9-40B6-B176-0EDF0C70357F}.Debug|x86.ActiveCfg = Debug|Win32
		{BCBC00E2-A4B9-40B6-B176-0EDF0C70357F}.Debug|x86.Build.0 = Debug|Win32
		{BCBC00E2-A4B9-40B6-B176-0EDF0C70357F}.Release|x64.ActiveCfg = Release|x64
		{BCBC00E2-A4B9-40B6-B176-0EDF0C70357F}.Release|x64.Build.0 = Release|x64
		{BCBC00E2-A4B9-40B6-B176-0EDF0C70357F}.Release|x86.ActiveCfg = Release|Win32
		{BCBC00E2-A4B9-40B6-B176-0EDF0C70357F}.Release|x86.Build.0 = Release|Win32
		{9D3FB097-AA31-4D07-B0E5-7B52ECF77EFA}.Debug|x64.ActiveCfg = Debug|x64
		{9D3FB097-AA31-4D07-B0E5-7B52ECF77EFA}.Debug|x64.Build.0 = Debug|x64
		{9D3FB097-AA31-4D07-B0E5-7B52ECF77EFA}.Debug|x86.ActiveCfg = Debug|Win32
		{9D3FB097-AA31-4D07-B0E5-7B52ECF77EFA}.Debug|x86.Build.0 = Debug|Win32
		{9D3FB097-AA31-4D07-B0E5-7B52ECF77EFA}.Release|x64.ActiveCfg = Release|x64
		{9D3FB097-AA31-4D07-B0E5-7B52ECF77EFA}.Release|x64.Build.0 = Release|x64
		{9D3FB097-AA31-4D07-B0E5-7B52ECF77EFA}.Release|x86.ActiveCfg = Release|Win32
		{9D3FB097-AA31-4D07-B0E5-7B52ECF77EFA}.Release|x86.Build.0 = Release|Win32
		{ADCDD62C-DB34-49F1-872D-95706D0CBBCA}.Debug|x64.ActiveCfg = Debug|x64
		{ADCDD62C-DB34-49F1-872D-95706D0CBBCA}.Debug|x64.Build.0 = Debug|x64
		{ADCDD62C-DB34-49F1-872D-95706D0CBBCA}.Debug|x86.ActiveCfg = Debug|Win32
		{ADCDD62C-DB34-49F1-872D-95706D0CBBCA}.Debug|x86.Build.0 = Debug|Win32
		{ADCDD62C-DB34-49F1-872D-95706D0CBBCA}.Release|x64.ActiveCfg = Release|x64
		{ADCDD62C-DB34-49F1-872D-95706D0CBBCA}.Release|x64.Build.0 = Release|x64
		{ADCDD62C-DB34-49F1-872D-95706D0CBBCA}.Release|x86.ActiveCfg = Release|Win32
		{ADCDD62C-DB34-49F1-872D-95706D0CBBCA}.Release|x86.Build.0 = Release|Win32
		{DEBF29DF-935B-40C5-B6C7-87DE79698A55}.Debug|x64.ActiveCfg = Debug|x64
		{DEBF29DF-935B-40C5-B6C7-87DE79698A55}.Debug|x64.Build.0 = Debug|x64
		{DEBF29DF-935B-40C5-B6C7-87DE79698A55}.Debug|x86.ActiveCfg = Debug|Win32
		{DEBF29DF-935B-40C5-B6C7-87DE79698A55}.Debug|x86.Build.0 = Debug|Win32
		{DEBF29DF-935B-40C5-B6C7-87DE79698A55}.Release|x64.ActiveCfg = Release|x64
		{DEBF29DF-935B-40C5-B6C7-87DE79698A55}.Release|x64.Build.0 = Release|x64
		{DEBF29DF-935B-40C5-B6C7-87DE79698A55}.Release|x86.ActiveCfg = Release|Win32
		{DEBF29DF-935B-40C5-B6C7-87DE79698A55}.Release|x86.Build.0 = Release|Win32
		{84C62424-9956-4E31-828C-05429A184084}.Debug|x64.ActiveCfg = Debug|x64
		{84C62424-9956-4E31-828C-05429A184084}.Debug|x64.Build.0 = Debug|x64
		{84C62424-9956-4E31-828C-05429A184084}.Debug|x86.ActiveCfg = Debug|Win32
		{84C62424-9956-4E31-828C-05429A184084}.Debug|x86.Build.0 = Debug|Win32
		{84C62424-9956-4E31-828C-05429A184084}.Release|x64.ActiveCfg = Release|x64
		{84C62424-9956-4E31-828C-05429A184084}.Release|x64.Build.0 = Release|x64
		{84C62424-9956-4E31-828C-05429A184084}.Release|x86.ActiveCfg = Release|Win32
		{84C62424-9956-4E31-828C-05429A184084}.Release|x86.Build.0 = Release|Win32
		{D89C6C15-FA5E-47DE-BC2A-939FECDE6A8E}.Debug|x64.ActiveCfg = Debug|x64
		{D89C6C15-FA5E-47DE-BC2A-939FECDE6A8E}.Debug|x64.Build.0 = Debug|x64
		{D89C6C15-FA5E-47DE-BC2A-939FECDE6A8E}.Debug|x86.ActiveCfg = Debug|Win32
		{D89C6C15-FA5E-47DE-BC2A-939FECDE6A8E}.Debug|x86.Build.0 = Debug|Win32
		{D89C6C15-FA5E-47DE-BC2A-939FECDE6A8E}.Release|x64.ActiveCfg = Release|x64
		{D89C6C15-FA5E-47DE-BC2A-939FECDE6A8E}.Release|x64.Build.0 = Release|x64
		{D89C6C15-FA5E-47DE-BC2A-939FECDE6A8E}.Release|x86.ActiveCfg = Release|Win32
		{D89C6C15-FA5E-47DE-BC2A-939FECDE6A8E}.Release|x86.Build.0 = Release|Win32
		{51F8F148-16C9-4042-B950-74A1096552CF}.Debug|x64.ActiveCfg = Debug|x64
		{51F8F148-16C9-4042-B950-74A1096552CF}.Debug|x64.Build.0 = Debug|x64
		{51F8F148-16C9-4042-B950-74A1096552CF}.Debug|x86.ActiveCfg = Debug|Win32
		{51F8F148-16C9-4042-B950-74A1096552CF}.Debug|x86.Build.0 = Debug|Win32
		{51F8F148-16C9-4042-B950-74A1096552CF}.Release|x64.ActiveCfg = Release|x64
		{51F8F148-16C9-4042-B950-74A1096552CF}.Release|x64.Build.0 = Release|x64
		{51F8F148-16C9-4042-B950-74A1096552CF}.Release|x86.ActiveCfg = Release|Win32
		{51F8F148-16C9-4042-B950-74A1096552CF}.Release|x86.Build.0 = Release|Win32
		{0BF9A693-32F8-49AD-904D-3E07C2EBD930}.Debug|x64.ActiveCfg = Debug|x64
		{0BF9A693-32F8-49AD-904D-3E07C2EBD930}.Debug|x64.Build.0 = Debug|x64
		{0BF9A693-32F8-49AD-904D-3E07C2EBD930}.Debug|x86.ActiveCfg = Debug|Win32
		{0BF9A693-32F8-49AD-904D-3E07C2EBD930}.Debug|x86.Build.0 = Debug|Win32
		{0BF9A693-32F8-49AD-904D-3E07C2EBD930}.Release|x64.ActiveCfg = Release|x64
		{0BF9A693-32F8-49AD-904D-3E07C2EBD930}.Release|x64.Build.0 = Release|x64
		{0BF9A693-32F8-49AD-904D-3E07C2EBD930}.Release|x86.ActiveCfg = Release|Win32
		{0BF9A693-32F8-49AD-904D-3E07C2EBD930}.Release|x86.Build.0 = Release|Win32
		{D0F26B58-3365-4274-986A-B97130098406}.Debug|x64.ActiveCfg = Debug|x64
		{D0F26B58-3365-4274-986A-B97130098406}.Debug|x64.Build.0 = Debug|x64
		{D0F26B58-3365-4274-986A-B97130098406}.Debug|x86.ActiveCfg = Debug|Win32
		{D0F26B58-3365-4274-986A-B97130098406}.Debug|x86.Build.0 = Debug|Win32
		{D0F26B58-3365-4274-986A-B97130098406}.Release|x64.ActiveCfg = Release|x64
		{D0F26B58-3365-4274-986A-B97130098406}.Release|x64.Build.0 = Release|x64
		{D0F26B58-3365-4274-986A-B97130098406}.Release|x86.ActiveCfg = Release|Win32
		{D0F26B58-3365-4274-986A-B97130098406}.Release|x86.Build.0 = Release|Win32
		{63F84C28-C42E-4B58-8DC7-511EB133A272}.Debug|x64.ActiveCfg = Debug|x64
		{63F84C28-C42E-4B58-8DC7-511EB133A272}.Debug|x64.Build.0 = Debug|x64
		{63F84C28-C42E-4B58-8DC7-511EB133A272}.Debug|x86.ActiveCfg = Debug|Win32
		{63F84C28-C42E-4B58-8DC7-511EB133A272}.Debug|x86.Build.0 = Debug|Win32
		{63F84C28-C42E-4B58-8DC7-511EB133A272}.Release|x64.ActiveCfg = Release|x64
		{63F84C28-C42E-4B58-8DC7-511EB133A272}.Release|x64.Build.0 = Release|x64
		{63F84C28-C42E-4B58-8DC7-511EB133A272}.Release|x86.ActiveCfg = Release|Win32
		{63F84C28-C42E-4B58-8DC7-511EB133A272}.Release|x86.Build.0 = Release|Win32
		{68507793-58CB-4769-A946-99E86F0A53E5}.Debug|x64.ActiveCfg = Debug|x64
		{68507793-58CB-4769-A946-99E86F0A53E5}.Debug|x64.Build.0 = Debug|x64
		{68507793-58CB-4769-A946-99E86F0A53E5}.Debug|x86.ActiveCfg = Debug|Win32
		{68507793-58CB-4769-A946-99E86F0A53E5}.Debug|x86.Build.0 = Debug|Win32
		{68507793-58CB-4769-A946-99E86F0A53E5}.Release|x64.ActiveCfg = Release|x64
		{68507793-58CB-4769-A946-99E86F0A53E5}.Release|x64.Build.0 = Release|x64
		{68507793-58CB-4769-A946-99E86F0A53E5}.Release|x86.ActiveCfg = Release|Win32
		{68507793-58CB-4769-A946-99E86F0A53E5}.Release|x86.Build.0 = Release|Win32
		{060A8E63-D9CB-4E06-866F-74FC8ABC9A05}.Debug|x64.ActiveCfg = Debug|x64
		{060A8E63-D9CB-4E06-866F-74FC8ABC9A05}.Debug|x64.Build.0 = Debug|x64
		{060A8E63-D9CB-4E06-866F-74FC8ABC9A05}.Debug|x86.ActiveCfg = Debug|Win32
		{060A8E63-D9CB-4E06-866F-74FC8ABC9A05}.Debug|x86.Build.0 = Debug|Win32
		{060A8E63-D9CB-4E06-866F-74FC8ABC9A05}.Release|x64.ActiveCfg = Release|x64
		{060A8E63-D9CB-4E06-866F-74FC8ABC9A05}.Release|x64.Build.0 = Release|x64
		{060A8E63-D9CB-4E06-866F-74FC8ABC9A05}.Release|x86.ActiveCfg = Release|Win32
		{060A8E63-D9CB-4E06-866F-74FC8ABC9A05}.Release|x86.Build.0 = Release|Win32
		{5E6141CD-8FA0-4595-A641-32DFEAE6D17E}.Debug|x64.ActiveCfg = Debug|x64
		{5E6141CD-8FA0-4595-A641-32DFEAE6D17E}.Debug|x64.Build.0 = Debug|x64
		{5E6141CD-8FA0-4595-A641-32DFEAE6D17E}.Debug|x86.ActiveCfg = Debug|Win32
		{5E6141CD-8FA0-4595-A641-32DFEAE6D17E}.Debug|x86.Build.0 = Debug|Win32
		{5E6141CD-8FA0-4595-A641-32DFEAE6D17E}.Release|x64.ActiveCfg = Release|x64
		{5E6141CD-8FA0-4595-A641-32DFEAE6D17E}.Release|x64.Build.0 = Release|x64
		{5E6141CD-8FA0-4595-A641-32DFEAE6D17E}.Release|x86.ActiveCfg = Release|Win32
		{5E6141CD-8FA0-4595-A641-32DFEAE6D17E}.Release|x86.Build.0 = Release|Win32
		{BEC01EDD-2475-4404-8504-6A78EA295C94}.Debug|x64.ActiveCfg = Debug|x64
		{BEC01EDD-2475-4404-8504-6A78EA295C94}.Debug|x64.Build.0 = Debug|x64
		{BEC01EDD-2475-4404-8504-6A78EA295C94}.Debug|x86.ActiveCfg = Debug|Win32
		{BEC01EDD-2475-4404-8504-6A78EA295C94}.Debug|x86.Build.0 = Debug|Win32
		{BEC01EDD-2475-4404-8504-6A78EA295C94}.Release|x64.ActiveCfg = Release|x64
		{BEC01EDD-2475-4404-8504-6A78EA295C94}.Release|x64.Build.0 = Release|x64
		{BEC01EDD-2475-4404-8504-6A78EA295C94}.Release|x86.ActiveCfg = Release|Win32
		{BEC01EDD-2475-4404-8504-6A78EA295C94}.Release|x86.Build.0 = Release|Win32
		{5F1D6E17-81B9-492D-BA71-3AFBD616004A}.Debug|x64.ActiveCfg = Debug|x64
		{5F1D6E17-81B9-492D-BA71-3AFBD616004A}.Debug|x64.Build.0 = Debug|x64
		{5F1D6E17-81B9-492D-BA71-3AFBD616004A}.Debug|x86.ActiveCfg = Debug|Win32
		{5F1D6E17-81B9-492D-BA71-3AFBD616004A}.Debug|x86.Build.0 = Debug|Win32
		{5F1D6E17-81B9-492D-BA71-3AFBD616004A}.Release|x64.ActiveCfg = Release|x64
		{5F1D6E17-81B9-492D-BA71-3AFBD616004A}.Release|x64.Build.0 = Release|x64
		{5F1D6E17-81B9-492D-BA71-3AFBD616004A}.Release|x86.ActiveCfg = Release|Win32
		{5F1D6E17-81B9-492D-BA71-3AFBD616004A}.Release|x86.Build.0 = Release|Win32
		{EEE21744-C106-4F41-B486-A48291854909}.Debug|x64.ActiveCfg = Debug|x64
		{EEE21744-C106-4F41-B486-A48291854909}.Debug|x64.Build.0 = Debug|x64
		{EEE21744-C106-4F41-B486-A48291854909}.Debug|x86.ActiveCfg = Debug|Win32
		{EEE21744-C106-4F41-B486-A48291854909}.Debug|x86.Build.0 = Debug|Win32
		{EEE21744-C106-4F41-B486-A48291854909}.Release|x64.ActiveCfg = Release|x64
		{EEE21744-C106-4F41-B486-A48291854909}.Release|x64.Build.0 = Release|x64
		{EEE21744-C106-4F41-B486-A48291854909}.Release|x86.ActiveCfg = Release|Win32
		{EEE21744-C106-4F41-B486-A48291854909}.Release|x86.Build.0 = Release|Win32
		{106AD47B-2D67-4BC8-B18D-93ECF397FD5B}.Debug|x64.ActiveCfg = Debug|x64
		{106AD47B-2D67-4BC8-B18D-93ECF397FD5B}.Debug|x64.Build.0 = Debug|x64
		{106AD47B-2D67-4BC8-B18D-93ECF397FD5B}.Debug|x86.ActiveCfg = Debug|Win32
		{106AD47B-2D67-4BC8-B18D-93ECF397FD5B}.Debug|x86.Build.0 = Debug|Win32
		{106AD47B-2D67-4BC8-B18D-93ECF397FD5B}.Release|x64.ActiveCfg = Release|x64
		{106AD47B-2D67-4BC8-B18D-93ECF397FD5B}.Release|x64.Build.0 = Release|x64
		{106AD47B-2D67-4BC8-B18D-93ECF397FD5B}.Release|x86.ActiveCfg = Release|Win32
		{106AD47B-2D67-4BC8-B18D-93ECF397FD5B}.Release|x86.Build.0 = Release|Win32
		{92F968B6-0381-411E-BACE-A88225043516}.Debug|x64.ActiveCfg = Debug|x64
		{92F968B6-0381-411E-BACE-A88225043516}.Debug|x64.Build.0 = Debug|x64
		{92F968B6-0381-411E-BACE-A88225043516}.Debug|x86.ActiveCfg = Debug|Win32
		{92F968B6-0381-411E-BACE-A88225043516}.Debug|x86.Build.0 = Debug|Win32
		{92F968B6-0381-411E-BACE-A88225043516}.Release|x64.ActiveCfg = Release|x64
		{92F968B6-0381-411E-BACE-A88225043516}.Release|x64.Build.0 = Release|x64
		{92F968B6-0381-411E-BACE-A88225043516}.Release|x86.ActiveCfg = Release|Win32
		{92F968B6-0381-411E-BACE-A88225043516}.Release|x86.Build.0 = Release|Win32
		{3A79AD4E-DB69-4F3F-942A-15E8AD0B991F}.Debug|x64.ActiveCfg = Debug|x64
		{3A79AD4E-DB69-4F3F-942A-15E8AD0B991F}.Debug|x64.Build.0 = Debug|x64
		{3A79AD4E-DB69-4F3F-942A-15E8AD0B991F}.Debug|x86.ActiveCfg = Debug|Win32
		{3A79AD4E-DB69-4F3F-942A-15E8AD0B991F}.Debug|x86.Build.0 = Debug|Win32
		{3A79AD4E-DB69-4F3F-942A-15E8AD0B991F}.Release|x64.ActiveCfg = Release|x64
		{3A79AD4E-DB69-4F3F-942A-15E8AD0B991F}.Release|x64.Build.0 = Release|x64
		{3A79AD4E-DB69-4F3F-942A-15E8AD0B991F}.Release|x86.ActiveCfg = Release|Win32
		{3A79AD4E-DB69-4F3F-942A-15E8AD0B991F}.Release|x86.Build.0 = Release|Win32
		{7117B519-430F-42E4-BDED-8FB4B94D60FB}.Debug|x64.ActiveCfg = Debug|x64
		{7117B519-430F-42E4-BDED-8FB4B94D60FB}.Debug|x64.Build.0 = Debug|x64
		{7117B519-430F-42E4-BDED-8FB4B94D60FB}.Debug|x86.ActiveCfg = Debug|Win32
		{7117B519-430F-42E4-BDED-8FB4B94D60FB}.Debug|x86.Build.0 = Debug|Win32
		{7117B519-430F-42E4-BDED-8FB4B94D60FB}.Release|x64.ActiveCfg = Release|x64
		{7117B519-430F-42E4-BDED-8FB4B94D60FB}.Release|x64.Build.0 = Release|x64
		{7117B519-430F-42E4-BDED-8FB4B94D60FB}.Release|x86.ActiveCfg = Release|Win32
		{7117B519-430F-42E4-BDED-8FB4B94D60FB}.Release|x86.Build.0 = Release|Win32
		{A80AFD1A-B44B-43B6-8ECD-D9762AA891BB}.Debug|x64.ActiveCfg = Debug|x64
		{A80AFD1A-B44B-43B6-8ECD-D9762AA891BB}.Debug|x64.Build.0 = Debug|x64
		{A80AFD1A-B44B-43B6-8ECD-D9762AA891BB}.Debug|x86.ActiveCfg = Debug|Win32
		{A80AFD1A-B44B-43B6-8ECD-D9762AA891BB}.Debug|x86.Build.0 = Debug|Win32
		{A80AFD1A-B44B-43B6-8ECD-D9762AA891BB}.Release|x64.ActiveCfg = Release|x64
		{A80AFD1A-B44B-43B6-8ECD-D9762AA891BB}.Release|x64.Build.0 = Release|x64
		{A80AFD1A-B44B-43B6-8ECD-D9762AA891BB}.Release|x86.ActiveCfg = Release|Win32
		{A80AFD1A-B44B-43B6-8ECD-D9762AA891BB}.Release|x86.Build.0 = Release|Win32
		{AAB28BDE-7FDD-4316-8777-F4CE7A6A2FC3}.Debug|x64.ActiveCfg = Debug|x64
		{AAB28BDE-7FDD-4316-8777-F4CE7A6A2FC3}.Debug|x64.Build.0 = Debug|x64
		{AAB28BDE-7FDD-4316-8777-F4CE7A6A2FC3}.Debug|x86.ActiveCfg = Debug|Win32
		{AAB28BDE-7FDD-4316-8777-F4CE7A6A2FC3}.Debug|x86.Build.0 = Debug|Win32
		{AAB28BDE-7FDD-4316-8777-F4CE7A6A2FC3}.Release|x64.ActiveCfg = Release|x64
		{AAB28BDE-7FDD-4316-8777-F4CE7A6A2FC3}.Release|x64.Build.0 = Release|x64
		{AAB28BDE-7FDD-4316-8777-F4CE7A6A2FC3}.Release|x86.ActiveCfg = Release|Win32
		{AAB28BDE-7FDD-4316-8777-F4CE7A6A2FC3}.Release|x86.Build.0 = Release|Win32
		{41A5E4F2-E568-40FC-9C0E-8FD403675A92}.Debug|x64.ActiveCfg = Debug|x64
		{41A5E4F2-E568-40FC-9C0E-8FD403675A92}.Debug|x64.Build.0 = Debug|x64
		{41A5E4F2-E568-40FC-9C0E-8FD403675A92}.Debug|x86.ActiveCfg = Debug|Win32
		{41A5E4F2-E568-40FC-9C0E-8FD403675A92}.Debug|x86.Build.0 = Debug|Win32
		{41A5E4F2-E568-40FC-9C0E-8FD403675A92}.Release|x64.ActiveCfg = Release|x64
		{41A5E4F2-E568-40FC-9C0E-8FD403675A92}.Release|x64.Build.0 = Release|x64
		{41A5E4F2-E568-40FC-9C0E-8FD403675A92}.Release|x86.ActiveCfg = Release|Win32
		{41A5E4F2-E568-40FC-9C0E-8FD403675A92}.Release|x86.Build.0 = Release|Win32
		{08357C62-C278-4FE5-8AF3-510566631A67}.Debug|x64.ActiveCfg = Debug|x64
		{08357C62-C278-4FE5-8AF3-510566631A67}.Debug|x64.Build.0 = Debug|x64
		{08357C62-C278-4FE5-8AF3-510566631A67}.Debug|x86.ActiveCfg = Debug|Win32
		{08357C62-C278-4FE5-8AF3-510566631A67}.Debug|x86.Build.0 = Debug|Win32
		{08357C62-C278-4FE5-8AF3-510566631A67}.Release|x64.ActiveCfg = Release|x64
		{08357C62-C278-4FE5-8AF3-510566631A67}.Release|x64.Build.0 = Release|x64
		{08357C62-C278-4FE5-8AF3-510566631A67}.Release|x86.ActiveCfg = Release|Win32
		{08357C62-C278-4FE5-8AF3-510566631A67}.Release|x86.Build.0 = Release|Win32
	EndGlobalSection
	GlobalSection(SolutionProperties) = preSolution
		HideSolutionNode = FALSE
	EndGlobalSection
	GlobalSection(ExtensibilityGlobals) = postSolution
		SolutionGuid = {4EB55BB8-5816-4A86-8D43-6C7F8E209368}
	EndGlobalSection
EndGlobal
